
Microsoft Visual Studio Solution File, Format Version 12.00
# Visual Studio Version 17
VisualStudioVersion = 17.0.32112.339
MinimumVisualStudioVersion = 10.0.40219.1
Project("{FAE04EC0-301F-11D3-BF4B-00C04F79EFBC}") = "VendingMachine", "VendingMachine\VendingMachine.csproj", "{C14CBB46-AED6-4904-9A74-E2C51FD6A870}"
EndProject
Global
	GlobalSection(SolutionConfigurationPlatforms) = preSolution
		Debug|Any CPU = Debug|Any CPU
		Release|Any CPU = Release|Any CPU
	EndGlobalSection
	GlobalSection(ProjectConfigurationPlatforms) = postSolution
		{C14CBB46-AED6-4904-9A74-E2C51FD6A870}.Debug|Any CPU.ActiveCfg = Debug|Any CPU
		{C14CBB46-AED6-4904-9A74-E2C51FD6A870}.Debug|Any CPU.Build.0 = Debug|Any CPU
		{C14CBB46-AED6-4904-9A74-E2C51FD6A870}.Release|Any CPU.ActiveCfg = Release|Any CPU
		{C14CBB46-AED6-4904-9A74-E2C51FD6A870}.Release|Any CPU.Build.0 = Release|Any CPU
	EndGlobalSection
	GlobalSection(SolutionProperties) = preSolution
		HideSolutionNode = FALSE
	EndGlobalSection
	GlobalSection(ExtensibilityGlobals) = postSolution
		SolutionGuid = {B7957303-936C-4CE5-8662-257F8CA9EB67}
	EndGlobalSection
EndGlobal
